
Microsoft Visual Studio Solution File, Format Version 12.00
# Visual Studio Version 16
VisualStudioVersion = 16.0.28803.452
MinimumVisualStudioVersion = 10.0.40219.1
Project("{8BC9CEB8-8B4A-11D0-8D11-00A0C91BC942}") = "lab3", "lab3.vcxproj", "{A1D252A4-4B8C-4332-B581-24E696BE4630}"
EndProject
Global
	GlobalSection(SolutionConfigurationPlatforms) = preSolution
		Debug|x64 = Debug|x64
		Debug|x86 = Debug|x86
		Release|x64 = Release|x64
		Release|x86 = Release|x86
	EndGlobalSection
	GlobalSection(ProjectConfigurationPlatforms) = postSolution
		{A1D252A4-4B8C-4332-B581-24E696BE4630}.Debug|x64.ActiveCfg = Debug|x64
		{A1D252A4-4B8C-4332-B581-24E696BE4630}.Debug|x64.Build.0 = Debug|x64
		{A1D252A4-4B8C-4332-B581-24E696BE4630}.Debug|x86.ActiveCfg = Debug|Win32
		{A1D252A4-4B8C-4332-B581-24E696BE4630}.Debug|x86.Build.0 = Debug|Win32
		{A1D252A4-4B8C-4332-B581-24E696BE4630}.Release|x64.ActiveCfg = Release|x64
		{A1D252A4-4B8C-4332-B581-24E696BE4630}.Release|x64.Build.0 = Release|x64
		{A1D252A4-4B8C-4332-B581-24E696BE4630}.Release|x86.ActiveCfg = Release|Win32
		{A1D252A4-4B8C-4332-B581-24E696BE4630}.Release|x86.Build.0 = Release|Win32
	EndGlobalSection
	GlobalSection(SolutionProperties) = preSolution
		HideSolutionNode = FALSE
	EndGlobalSection
	GlobalSection(ExtensibilityGlobals) = postSolution
		SolutionGuid = {61D28622-D805-41CE-979D-C225DE4ED005}
	EndGlobalSection
EndGlobal
